PODS:
  - audio_service (0.0.1):
    - Flutter
    - FlutterMacOS
  - audio_session (0.0.1):
    - Flutter
  - background_downloader (0.0.1):
    - Flutter
  - connectivity_plus (0.0.1):
    - Flutter
  - Flutter (1.0.0)
  - just_audio (0.0.1):
    - Flutter
    - FlutterMacOS
  - listen_sharing_intent (1.9.2):
    - Flutter
  - media_kit_libs_ios_audio (1.0.4):
    - Flutter
  - media_kit_native_event_loop (1.0.0):
    - Flutter
  - ObjectBox (5.0.0)
  - objectbox_flutter_libs (0.0.1):
    - Flutter
    - ObjectBox (= 5.0.0)
  - package_info_plus (0.4.5):
    - Flutter
  - path_provider_foundation (0.0.1):
    - Flutter
    - FlutterMacOS
  - permission_handler_apple (9.3.0):
    - Flutter
  - sqflite_darwin (0.0.4):
    - Flutter
    - FlutterMacOS
  - url_launcher_ios (0.0.1):
    - Flutter
  - webview_flutter_wkwebview (0.0.1):
    - Flutter
    - FlutterMacOS

DEPENDENCIES:
  - audio_service (from `.symlinks/plugins/audio_service/darwin`)
  - audio_session (from `.symlinks/plugins/audio_session/ios`)
  - background_downloader (from `.symlinks/plugins/background_downloader/ios`)
  - connectivity_plus (from `.symlinks/plugins/connectivity_plus/ios`)
  - Flutter (from `Flutter`)
  - just_audio (from `.symlinks/plugins/just_audio/darwin`)
  - listen_sharing_intent (from `.symlinks/plugins/listen_sharing_intent/ios`)
  - media_kit_libs_ios_audio (from `.symlinks/plugins/media_kit_libs_ios_audio/ios`)
  - media_kit_native_event_loop (from `.symlinks/plugins/media_kit_native_event_loop/ios`)
  - objectbox_flutter_libs (from `.symlinks/plugins/objectbox_flutter_libs/ios`)
  - package_info_plus (from `.symlinks/plugins/package_info_plus/ios`)
  - path_provider_foundation (from `.symlinks/plugins/path_provider_foundation/darwin`)
  - permission_handler_apple (from `.symlinks/plugins/permission_handler_apple/ios`)
  - sqflite_darwin (from `.symlinks/plugins/sqflite_darwin/darwin`)
  - url_launcher_ios (from `.symlinks/plugins/url_launcher_ios/ios`)
  - webview_flutter_wkwebview (from `.symlinks/plugins/webview_flutter_wkwebview/darwin`)

SPEC REPOS:
  trunk:
    - ObjectBox

EXTERNAL SOURCES:
  audio_service:
    :path: ".symlinks/plugins/audio_service/darwin"
  audio_session:
    :path: ".symlinks/plugins/audio_session/ios"
  background_downloader:
    :path: ".symlinks/plugins/background_downloader/ios"
  connectivity_plus:
    :path: ".symlinks/plugins/connectivity_plus/ios"
  Flutter:
    :path: Flutter
  just_audio:
    :path: ".symlinks/plugins/just_audio/darwin"
  listen_sharing_intent:
    :path: ".symlinks/plugins/listen_sharing_intent/ios"
  media_kit_libs_ios_audio:
    :path: ".symlinks/plugins/media_kit_libs_ios_audio/ios"
  media_kit_native_event_loop:
    :path: ".symlinks/plugins/media_kit_native_event_loop/ios"
  objectbox_flutter_libs:
    :path: ".symlinks/plugins/objectbox_flutter_libs/ios"
  package_info_plus:
    :path: ".symlinks/plugins/package_info_plus/ios"
  path_provider_foundation:
    :path: ".symlinks/plugins/path_provider_foundation/darwin"
  permission_handler_apple:
    :path: ".symlinks/plugins/permission_handler_apple/ios"
  sqflite_darwin:
    :path: ".symlinks/plugins/sqflite_darwin/darwin"
  url_launcher_ios:
    :path: ".symlinks/plugins/url_launcher_ios/ios"
  webview_flutter_wkwebview:
    :path: ".symlinks/plugins/webview_flutter_wkwebview/darwin"

SPEC CHECKSUMS:
  audio_service: cab6c1a0eaf01b5a35b567e11fa67d3cc1956910
  audio_session: 19e9480dbdd4e5f6c4543826b2e8b0e4ab6145fe
  background_downloader: a05c77d32a0d70615b9c04577aa203535fc924ff
  connectivity_plus: 2a701ffec2c0ae28a48cf7540e279787e77c447d
  Flutter: cabc95a1d2626b1b06e7179b784ebcf0c0cde467
  just_audio: a42c63806f16995daf5b219ae1d679deb76e6a79
  listen_sharing_intent: 74a842adcbcf7bedf7bbc938c749da9155141b9a
  media_kit_libs_ios_audio: 8f39d96a9c630685dfb844c289bd1d114c486fb3
  media_kit_native_event_loop: 99111eded5acbdc9c2738021ea6550dd36ca8837
  ObjectBox: a60820ec1c903702350585d8cc99c1268c99e688
  objectbox_flutter_libs: 39936f0c516d66aff88f1d1719498904ac9416d4
  package_info_plus: c0502532a26c7662a62a356cebe2692ec5fe4ec4
  path_provider_foundation: 0b743cbb62d8e47eab856f09262bb8c1ddcfe6ba
  permission_handler_apple: 9878588469a2b0d0fc1e048d9f43605f92e6cec2
  sqflite_darwin: 5a7236e3b501866c1c9befc6771dfd73ffb8702d
  url_launcher_ios: bb13df5870e8c4234ca12609d04010a21be43dfa
  webview_flutter_wkwebview: 29eb20d43355b48fe7d07113835b9128f84e3af4

PODFILE CHECKSUM: 1bf14365a2ffd4e462b8db4eb99f0e25577126b1

COCOAPODS: 1.16.2
